
Microsoft Visual Studio Solution File, Format Version 12.00
# Visual Studio Version 17
VisualStudioVersion = 17.6.33815.320
MinimumVisualStudioVersion = 10.0.40219.1
Project("{FAE04EC0-301F-11D3-BF4B-00C04F79EFBC}") = "ConsoleApp14", "ConsoleApp14.csproj", "{CAEB2714-D1F9-4C0D-BE0B-F5A58DCDF694}"
EndProject
Global
	GlobalSection(SolutionConfigurationPlatforms) = preSolution
		Debug|Any CPU = Debug|Any CPU
		Release|Any CPU = Release|Any CPU
	EndGlobalSection
	GlobalSection(ProjectConfigurationPlatforms) = postSolution
		{CAEB2714-D1F9-4C0D-BE0B-F5A58DCDF694}.Debug|Any CPU.ActiveCfg = Debug|Any CPU
		{CAEB2714-D1F9-4C0D-BE0B-F5A58DCDF694}.Debug|Any CPU.Build.0 = Debug|Any CPU
		{CAEB2714-D1F9-4C0D-BE0B-F5A58DCDF694}.Release|Any CPU.ActiveCfg = Release|Any CPU
		{CAEB2714-D1F9-4C0D-BE0B-F5A58DCDF694}.Release|Any CPU.Build.0 = Release|Any CPU
	EndGlobalSection
	GlobalSection(SolutionProperties) = preSolution
		HideSolutionNode = FALSE
	EndGlobalSection
	GlobalSection(ExtensibilityGlobals) = postSolution
		SolutionGuid = {0006DE2A-D374-4A44-926E-0B11B78FE600}
	EndGlobalSection
EndGlobal
